{
	"name": "sa_academy_api",
	"version": "1.0.0",
	"lockfileVersion": 1,
	"requires": true,
	"dependencies": {
		"@okgrow/graphql-scalars": {
			"version": "0.4.5",
			"resolved": "https://registry.npmjs.org/@okgrow/graphql-scalars/-/graphql-scalars-0.4.5.tgz",
			"integrity": "sha512-4bL5qEHWEYDLD+txp3PAWsrlGaE3xenFs0y7r3VW2SY1X+mSJU3Tz9mc6C0cJ3DAmS6HPuDmiIhyeTC6+o5WCA=="
		}
	}
}
